
Microsoft Visual Studio Solution File, Format Version 12.00
# Visual Studio Version 16
VisualStudioVersion = 16.0.30804.86
MinimumVisualStudioVersion = 10.0.40219.1
Project("{FAE04EC0-301F-11D3-BF4B-00C04F79EFBC}") = "KyleDelacruzc968", "KyleDelacruzc968.csproj", "{DF362B18-0635-4742-A16D-4BD908E9D7C8}"
EndProject
Global
	GlobalSection(SolutionConfigurationPlatforms) = preSolution
		Debug|Any CPU = Debug|Any CPU
		Release|Any CPU = Release|Any CPU
	EndGlobalSection
	GlobalSection(ProjectConfigurationPlatforms) = postSolution
		{DF362B18-0635-4742-A16D-4BD908E9D7C8}.Debug|Any CPU.ActiveCfg = Debug|Any CPU
		{DF362B18-0635-4742-A16D-4BD908E9D7C8}.Debug|Any CPU.Build.0 = Debug|Any CPU
		{DF362B18-0635-4742-A16D-4BD908E9D7C8}.Release|Any CPU.ActiveCfg = Release|Any CPU
		{DF362B18-0635-4742-A16D-4BD908E9D7C8}.Release|Any CPU.Build.0 = Release|Any CPU
	EndGlobalSection
	GlobalSection(SolutionProperties) = preSolution
		HideSolutionNode = FALSE
	EndGlobalSection
	GlobalSection(ExtensibilityGlobals) = postSolution
		SolutionGuid = {B8C1B09B-1569-4013-A5F9-E17E17791E0D}
	EndGlobalSection
EndGlobal
